
Microsoft Visual Studio Solution File, Format Version 12.00
# Visual Studio Version 17
VisualStudioVersion = 17.0.32014.148
MinimumVisualStudioVersion = 10.0.40219.1
Project("{FAE04EC0-301F-11D3-BF4B-00C04F79EFBC}") = "ChequeWriter", "ChequeWriter\ChequeWriter.csproj", "{004DDCDB-6545-402A-8831-39A67563F191}"
EndProject
Global
	GlobalSection(SolutionConfigurationPlatforms) = preSolution
		Debug|Any CPU = Debug|Any CPU
		Release|Any CPU = Release|Any CPU
	EndGlobalSection
	GlobalSection(ProjectConfigurationPlatforms) = postSolution
		{004DDCDB-6545-402A-8831-39A67563F191}.Debug|Any CPU.ActiveCfg = Debug|Any CPU
		{004DDCDB-6545-402A-8831-39A67563F191}.Debug|Any CPU.Build.0 = Debug|Any CPU
		{004DDCDB-6545-402A-8831-39A67563F191}.Release|Any CPU.ActiveCfg = Release|Any CPU
		{004DDCDB-6545-402A-8831-39A67563F191}.Release|Any CPU.Build.0 = Release|Any CPU
	EndGlobalSection
	GlobalSection(SolutionProperties) = preSolution
		HideSolutionNode = FALSE
	EndGlobalSection
	GlobalSection(ExtensibilityGlobals) = postSolution
		SolutionGuid = {FF3D49E9-855C-47D5-8A26-5D56D6315295}
	EndGlobalSection
EndGlobal
